
Microsoft Visual Studio Solution File, Format Version 12.00
# Visual Studio Version 17
VisualStudioVersion = 17.5.002.0
MinimumVisualStudioVersion = 10.0.40219.1
Project("{9A19103F-16F7-4668-BE54-9A1E7A4F7556}") = "EcommerceAPI", "EcommerceAPI.csproj", "{1F028010-3965-494B-A92C-A9666CF251DE}"
EndProject
Global
	GlobalSection(SolutionConfigurationPlatforms) = preSolution
		Debug|Any CPU = Debug|Any CPU
		Release|Any CPU = Release|Any CPU
	EndGlobalSection
	GlobalSection(ProjectConfigurationPlatforms) = postSolution
		{1F028010-3965-494B-A92C-A9666CF251DE}.Debug|Any CPU.ActiveCfg = Debug|Any CPU
		{1F028010-3965-494B-A92C-A9666CF251DE}.Debug|Any CPU.Build.0 = Debug|Any CPU
		{1F028010-3965-494B-A92C-A9666CF251DE}.Release|Any CPU.ActiveCfg = Release|Any CPU
		{1F028010-3965-494B-A92C-A9666CF251DE}.Release|Any CPU.Build.0 = Release|Any CPU
	EndGlobalSection
	GlobalSection(SolutionProperties) = preSolution
		HideSolutionNode = FALSE
	EndGlobalSection
	GlobalSection(ExtensibilityGlobals) = postSolution
		SolutionGuid = {AFCCC041-F4EF-4099-A8EF-11FCDCF949AB}
	EndGlobalSection
EndGlobal
